
Microsoft Visual Studio Solution File, Format Version 12.00
# Visual Studio Version 16
VisualStudioVersion = 16.0.28803.452
MinimumVisualStudioVersion = 10.0.40219.1
Project("{FAE04EC0-301F-11D3-BF4B-00C04F79EFBC}") = "PLSTimedSpy", "PLSTimedSpy.csproj", "{BAA5B9A4-A30B-4186-85C2-82B827B19616}"
EndProject
Global
	GlobalSection(SolutionConfigurationPlatforms) = preSolution
		Debug|Any CPU = Debug|Any CPU
		Release|Any CPU = Release|Any CPU
	EndGlobalSection
	GlobalSection(ProjectConfigurationPlatforms) = postSolution
		{BAA5B9A4-A30B-4186-85C2-82B827B19616}.Debug|Any CPU.ActiveCfg = Debug|Any CPU
		{BAA5B9A4-A30B-4186-85C2-82B827B19616}.Debug|Any CPU.Build.0 = Debug|Any CPU
		{BAA5B9A4-A30B-4186-85C2-82B827B19616}.Release|Any CPU.ActiveCfg = Release|Any CPU
		{BAA5B9A4-A30B-4186-85C2-82B827B19616}.Release|Any CPU.Build.0 = Release|Any CPU
	EndGlobalSection
	GlobalSection(SolutionProperties) = preSolution
		HideSolutionNode = FALSE
	EndGlobalSection
	GlobalSection(ExtensibilityGlobals) = postSolution
		SolutionGuid = {2F65CE58-54D8-4F04-9BDC-7B2C68601246}
	EndGlobalSection
EndGlobal
